
Microsoft Visual Studio Solution File, Format Version 12.00
# Visual Studio Version 17
VisualStudioVersion = 17.5.002.0
MinimumVisualStudioVersion = 10.0.40219.1
Project("{2150E333-8FDC-42A3-9474-1A3956D46DE8}") = "csharp-prep", "csharp-prep", "{5020C450-E305-47C4-A319-A1473DA00EF1}"
EndProject
Project("{9A19103F-16F7-4668-BE54-9A1E7A4F7556}") = "Prep1", "csharp-prep\Prep1\Prep1.csproj", "{A8F44182-4F09-4E93-8A77-34D1E059347A}"
EndProject
Project("{9A19103F-16F7-4668-BE54-9A1E7A4F7556}") = "Prep2", "csharp-prep\Prep2\Prep2.csproj", "{8295C12C-E2AC-4244-90A8-33FA04B29158}"
EndProject
Project("{9A19103F-16F7-4668-BE54-9A1E7A4F7556}") = "Prep3", "csharp-prep\Prep3\Prep3.csproj", "{C9ACDCEA-73B7-4228-BBD8-AEEEE5FCD148}"
EndProject
Project("{9A19103F-16F7-4668-BE54-9A1E7A4F7556}") = "Prep4", "csharp-prep\Prep4\Prep4.csproj", "{E5D49E30-692C-4B6B-A004-6EFE3C52E5CE}"
EndProject
Project("{9A19103F-16F7-4668-BE54-9A1E7A4F7556}") = "Prep5", "csharp-prep\Prep5\Prep5.csproj", "{792A1563-9A2F-43AB-B24A-65769878BB90}"
EndProject
Project("{2150E333-8FDC-42A3-9474-1A3956D46DE8}") = "final", "final", "{EDDC9E4D-7575-41F8-AF86-6187764B43A3}"
EndProject
Project("{9A19103F-16F7-4668-BE54-9A1E7A4F7556}") = "FinalProject", "final\FinalProject\FinalProject.csproj", "{1B2E7F74-47BA-4231-AFE3-4E1FDA0F0E40}"
EndProject
Project("{9A19103F-16F7-4668-BE54-9A1E7A4F7556}") = "Foundation1", "final\Foundation1\Foundation1.csproj", "{63BE213C-4E9D-42CE-BD0F-5A6FEFDA2F17}"
EndProject
Project("{9A19103F-16F7-4668-BE54-9A1E7A4F7556}") = "Foundation2", "final\Foundation2\Foundation2.csproj", "{B05B61D2-83B4-4207-8B6B-1E67A3DEF60A}"
EndProject
Project("{9A19103F-16F7-4668-BE54-9A1E7A4F7556}") = "Foundation3", "final\Foundation3\Foundation3.csproj", "{4C9D8667-FEB6-4E50-BAD2-2C8C47FB36EF}"
EndProject
Project("{9A19103F-16F7-4668-BE54-9A1E7A4F7556}") = "Foundation4", "final\Foundation4\Foundation4.csproj", "{8FA90750-26F4-475B-AEC5-43B77A983273}"
EndProject
Project("{2150E333-8FDC-42A3-9474-1A3956D46DE8}") = "prepare", "prepare", "{68D9346D-6724-4D3A-A69B-1AAF576837C8}"
EndProject
Project("{9A19103F-16F7-4668-BE54-9A1E7A4F7556}") = "Learning02", "prepare\Learning02\Learning02.csproj", "{BC7CF8A7-7FD6-4E6B-A89B-2D6F44D27A3A}"
EndProject
Project("{9A19103F-16F7-4668-BE54-9A1E7A4F7556}") = "Learning03", "prepare\Learning03\Learning03.csproj", "{A4C120DF-959D-4866-B689-1B47160D4802}"
EndProject
Project("{9A19103F-16F7-4668-BE54-9A1E7A4F7556}") = "Learning04", "prepare\Learning04\Learning04.csproj", "{67CC3F68-CD36-420E-A83E-500580481539}"
EndProject
Project("{9A19103F-16F7-4668-BE54-9A1E7A4F7556}") = "Learning05", "prepare\Learning05\Learning05.csproj", "{0085C0D6-B42A-4FCE-8F6C-28F7C05D53F9}"
EndProject
Project("{2150E333-8FDC-42A3-9474-1A3956D46DE8}") = "prove", "prove", "{E0B7999F-B9EB-4582-A5D6-63C5602A55C1}"
EndProject
Project("{9A19103F-16F7-4668-BE54-9A1E7A4F7556}") = "Develop02", "prove\Develop02\Develop02.csproj", "{A1A88F7F-25C9-414C-9025-8EADABF0655D}"
EndProject
Project("{9A19103F-16F7-4668-BE54-9A1E7A4F7556}") = "Develop03", "prove\Develop03\Develop03.csproj", "{AD6B3559-F318-4C18-8C87-CBDBEC051A0F}"
EndProject
Project("{9A19103F-16F7-4668-BE54-9A1E7A4F7556}") = "Develop04", "prove\Develop04\Develop04.csproj", "{30BD497C-CE10-4313-BA90-AED2CEEDECF8}"
EndProject
Project("{9A19103F-16F7-4668-BE54-9A1E7A4F7556}") = "Develop05", "prove\Develop05\Develop05.csproj", "{DB6075F6-46F6-4EEA-A1E2-B86238004760}"
EndProject
Project("{2150E333-8FDC-42A3-9474-1A3956D46DE8}") = "sandbox", "sandbox", "{E8824E80-F4A1-4CBB-956F-D797AE48F0EE}"
EndProject
Project("{9A19103F-16F7-4668-BE54-9A1E7A4F7556}") = "Sandbox", "sandbox\Sandbox\Sandbox.csproj", "{332275EF-45C9-4F2F-855D-CFC0094636F0}"
EndProject
Global
	GlobalSection(SolutionConfigurationPlatforms) = preSolution
		Debug|Any CPU = Debug|Any CPU
		Release|Any CPU = Release|Any CPU
	EndGlobalSection
	GlobalSection(ProjectConfigurationPlatforms) = postSolution
		{A8F44182-4F09-4E93-8A77-34D1E059347A}.Debug|Any CPU.ActiveCfg = Debug|Any CPU
		{A8F44182-4F09-4E93-8A77-34D1E059347A}.Debug|Any CPU.Build.0 = Debug|Any CPU
		{A8F44182-4F09-4E93-8A77-34D1E059347A}.Release|Any CPU.ActiveCfg = Release|Any CPU
		{A8F44182-4F09-4E93-8A77-34D1E059347A}.Release|Any CPU.Build.0 = Release|Any CPU
		{8295C12C-E2AC-4244-90A8-33FA04B29158}.Debug|Any CPU.ActiveCfg = Debug|Any CPU
		{8295C12C-E2AC-4244-90A8-33FA04B29158}.Debug|Any CPU.Build.0 = Debug|Any CPU
		{8295C12C-E2AC-4244-90A8-33FA04B29158}.Release|Any CPU.ActiveCfg = Release|Any CPU
		{8295C12C-E2AC-4244-90A8-33FA04B29158}.Release|Any CPU.Build.0 = Release|Any CPU
		{C9ACDCEA-73B7-4228-BBD8-AEEEE5FCD148}.Debug|Any CPU.ActiveCfg = Debug|Any CPU
		{C9ACDCEA-73B7-4228-BBD8-AEEEE5FCD148}.Debug|Any CPU.Build.0 = Debug|Any CPU
		{C9ACDCEA-73B7-4228-BBD8-AEEEE5FCD148}.Release|Any CPU.ActiveCfg = Release|Any CPU
		{C9ACDCEA-73B7-4228-BBD8-AEEEE5FCD148}.Release|Any CPU.Build.0 = Release|Any CPU
		{E5D49E30-692C-4B6B-A004-6EFE3C52E5CE}.Debug|Any CPU.ActiveCfg = Debug|Any CPU
		{E5D49E30-692C-4B6B-A004-6EFE3C52E5CE}.Debug|Any CPU.Build.0 = Debug|Any CPU
		{E5D49E30-692C-4B6B-A004-6EFE3C52E5CE}.Release|Any CPU.ActiveCfg = Release|Any CPU
		{E5D49E30-692C-4B6B-A004-6EFE3C52E5CE}.Release|Any CPU.Build.0 = Release|Any CPU
		{792A1563-9A2F-43AB-B24A-65769878BB90}.Debug|Any CPU.ActiveCfg = Debug|Any CPU
		{792A1563-9A2F-43AB-B24A-65769878BB90}.Debug|Any CPU.Build.0 = Debug|Any CPU
		{792A1563-9A2F-43AB-B24A-65769878BB90}.Release|Any CPU.ActiveCfg = Release|Any CPU
		{792A1563-9A2F-43AB-B24A-65769878BB90}.Release|Any CPU.Build.0 = Release|Any CPU
		{1B2E7F74-47BA-4231-AFE3-4E1FDA0F0E40}.Debug|Any CPU.ActiveCfg = Debug|Any CPU
		{1B2E7F74-47BA-4231-AFE3-4E1FDA0F0E40}.Debug|Any CPU.Build.0 = Debug|Any CPU
		{1B2E7F74-47BA-4231-AFE3-4E1FDA0F0E40}.Release|Any CPU.ActiveCfg = Release|Any CPU
		{1B2E7F74-47BA-4231-AFE3-4E1FDA0F0E40}.Release|Any CPU.Build.0 = Release|Any CPU
		{63BE213C-4E9D-42CE-BD0F-5A6FEFDA2F17}.Debug|Any CPU.ActiveCfg = Debug|Any CPU
		{63BE213C-4E9D-42CE-BD0F-5A6FEFDA2F17}.Debug|Any CPU.Build.0 = Debug|Any CPU
		{63BE213C-4E9D-42CE-BD0F-5A6FEFDA2F17}.Release|Any CPU.ActiveCfg = Release|Any CPU
		{63BE213C-4E9D-42CE-BD0F-5A6FEFDA2F17}.Release|Any CPU.Build.0 = Release|Any CPU
		{B05B61D2-83B4-4207-8B6B-1E67A3DEF60A}.Debug|Any CPU.ActiveCfg = Debug|Any CPU
		{B05B61D2-83B4-4207-8B6B-1E67A3DEF60A}.Debug|Any CPU.Build.0 = Debug|Any CPU
		{B05B61D2-83B4-4207-8B6B-1E67A3DEF60A}.Release|Any CPU.ActiveCfg = Release|Any CPU
		{B05B61D2-83B4-4207-8B6B-1E67A3DEF60A}.Release|Any CPU.Build.0 = Release|Any CPU
		{4C9D8667-FEB6-4E50-BAD2-2C8C47FB36EF}.Debug|Any CPU.ActiveCfg = Debug|Any CPU
		{4C9D8667-FEB6-4E50-BAD2-2C8C47FB36EF}.Debug|Any CPU.Build.0 = Debug|Any CPU
		{4C9D8667-FEB6-4E50-BAD2-2C8C47FB36EF}.Release|Any CPU.ActiveCfg = Release|Any CPU
		{4C9D8667-FEB6-4E50-BAD2-2C8C47FB36EF}.Release|Any CPU.Build.0 = Release|Any CPU
		{8FA90750-26F4-475B-AEC5-43B77A983273}.Debug|Any CPU.ActiveCfg = Debug|Any CPU
		{8FA90750-26F4-475B-AEC5-43B77A983273}.Debug|Any CPU.Build.0 = Debug|Any CPU
		{8FA90750-26F4-475B-AEC5-43B77A983273}.Release|Any CPU.ActiveCfg = Release|Any CPU
		{8FA90750-26F4-475B-AEC5-43B77A983273}.Release|Any CPU.Build.0 = Release|Any CPU
		{BC7CF8A7-7FD6-4E6B-A89B-2D6F44D27A3A}.Debug|Any CPU.ActiveCfg = Debug|Any CPU
		{BC7CF8A7-7FD6-4E6B-A89B-2D6F44D27A3A}.Debug|Any CPU.Build.0 = Debug|Any CPU
		{BC7CF8A7-7FD6-4E6B-A89B-2D6F44D27A3A}.Release|Any CPU.ActiveCfg = Release|Any CPU
		{BC7CF8A7-7FD6-4E6B-A89B-2D6F44D27A3A}.Release|Any CPU.Build.0 = Release|Any CPU
		{A4C120DF-959D-4866-B689-1B47160D4802}.Debug|Any CPU.ActiveCfg = Debug|Any CPU
		{A4C120DF-959D-4866-B689-1B47160D4802}.Debug|Any CPU.Build.0 = Debug|Any CPU
		{A4C120DF-959D-4866-B689-1B47160D4802}.Release|Any CPU.ActiveCfg = Release|Any CPU
		{A4C120DF-959D-4866-B689-1B47160D4802}.Release|Any CPU.Build.0 = Release|Any CPU
		{67CC3F68-CD36-420E-A83E-500580481539}.Debug|Any CPU.ActiveCfg = Debug|Any CPU
		{67CC3F68-CD36-420E-A83E-500580481539}.Debug|Any CPU.Build.0 = Debug|Any CPU
		{67CC3F68-CD36-420E-A83E-500580481539}.Release|Any CPU.ActiveCfg = Release|Any CPU
		{67CC3F68-CD36-420E-A83E-500580481539}.Release|Any CPU.Build.0 = Release|Any CPU
		{0085C0D6-B42A-4FCE-8F6C-28F7C05D53F9}.Debug|Any CPU.ActiveCfg = Debug|Any CPU
		{0085C0D6-B42A-4FCE-8F6C-28F7C05D53F9}.Debug|Any CPU.Build.0 = Debug|Any CPU
		{0085C0D6-B42A-4FCE-8F6C-28F7C05D53F9}.Release|Any CPU.ActiveCfg = Release|Any CPU
		{0085C0D6-B42A-4FCE-8F6C-28F7C05D53F9}.Release|Any CPU.Build.0 = Release|Any CPU
		{A1A88F7F-25C9-414C-9025-8EADABF0655D}.Debug|Any CPU.ActiveCfg = Debug|Any CPU
		{A1A88F7F-25C9-414C-9025-8EADABF0655D}.Debug|Any CPU.Build.0 = Debug|Any CPU
		{A1A88F7F-25C9-414C-9025-8EADABF0655D}.Release|Any CPU.ActiveCfg = Release|Any CPU
		{A1A88F7F-25C9-414C-9025-8EADABF0655D}.Release|Any CPU.Build.0 = Release|Any CPU
		{AD6B3559-F318-4C18-8C87-CBDBEC051A0F}.Debug|Any CPU.ActiveCfg = Debug|Any CPU
		{AD6B3559-F318-4C18-8C87-CBDBEC051A0F}.Debug|Any CPU.Build.0 = Debug|Any CPU
		{AD6B3559-F318-4C18-8C87-CBDBEC051A0F}.Release|Any CPU.ActiveCfg = Release|Any CPU
		{AD6B3559-F318-4C18-8C87-CBDBEC051A0F}.Release|Any CPU.Build.0 = Release|Any CPU
		{30BD497C-CE10-4313-BA90-AED2CEEDECF8}.Debug|Any CPU.ActiveCfg = Debug|Any CPU
		{30BD497C-CE10-4313-BA90-AED2CEEDECF8}.Debug|Any CPU.Build.0 = Debug|Any CPU
		{30BD497C-CE10-4313-BA90-AED2CEEDECF8}.Release|Any CPU.ActiveCfg = Release|Any CPU
		{30BD497C-CE10-4313-BA90-AED2CEEDECF8}.Release|Any CPU.Build.0 = Release|Any CPU
		{DB6075F6-46F6-4EEA-A1E2-B86238004760}.Debug|Any CPU.ActiveCfg = Debug|Any CPU
		{DB6075F6-46F6-4EEA-A1E2-B86238004760}.Debug|Any CPU.Build.0 = Debug|Any CPU
		{DB6075F6-46F6-4EEA-A1E2-B86238004760}.Release|Any CPU.ActiveCfg = Release|Any CPU
		{DB6075F6-46F6-4EEA-A1E2-B86238004760}.Release|Any CPU.Build.0 = Release|Any CPU
		{332275EF-45C9-4F2F-855D-CFC0094636F0}.Debug|Any CPU.ActiveCfg = Debug|Any CPU
		{332275EF-45C9-4F2F-855D-CFC0094636F0}.Debug|Any CPU.Build.0 = Debug|Any CPU
		{332275EF-45C9-4F2F-855D-CFC0094636F0}.Release|Any CPU.ActiveCfg = Release|Any CPU
		{332275EF-45C9-4F2F-855D-CFC0094636F0}.Release|Any CPU.Build.0 = Release|Any CPU
	EndGlobalSection
	GlobalSection(SolutionProperties) = preSolution
		HideSolutionNode = FALSE
	EndGlobalSection
	GlobalSection(NestedProjects) = preSolution
		{A8F44182-4F09-4E93-8A77-34D1E059347A} = {5020C450-E305-47C4-A319-A1473DA00EF1}
		{8295C12C-E2AC-4244-90A8-33FA04B29158} = {5020C450-E305-47C4-A319-A1473DA00EF1}
		{C9ACDCEA-73B7-4228-BBD8-AEEEE5FCD148} = {5020C450-E305-47C4-A319-A1473DA00EF1}
		{E5D49E30-692C-4B6B-A004-6EFE3C52E5CE} = {5020C450-E305-47C4-A319-A1473DA00EF1}
		{792A1563-9A2F-43AB-B24A-65769878BB90} = {5020C450-E305-47C4-A319-A1473DA00EF1}
		{1B2E7F74-47BA-4231-AFE3-4E1FDA0F0E40} = {EDDC9E4D-7575-41F8-AF86-6187764B43A3}
		{63BE213C-4E9D-42CE-BD0F-5A6FEFDA2F17} = {EDDC9E4D-7575-41F8-AF86-6187764B43A3}
		{B05B61D2-83B4-4207-8B6B-1E67A3DEF60A} = {EDDC9E4D-7575-41F8-AF86-6187764B43A3}
		{4C9D8667-FEB6-4E50-BAD2-2C8C47FB36EF} = {EDDC9E4D-7575-41F8-AF86-6187764B43A3}
		{8FA90750-26F4-475B-AEC5-43B77A983273} = {EDDC9E4D-7575-41F8-AF86-6187764B43A3}
		{BC7CF8A7-7FD6-4E6B-A89B-2D6F44D27A3A} = {68D9346D-6724-4D3A-A69B-1AAF576837C8}
		{A4C120DF-959D-4866-B689-1B47160D4802} = {68D9346D-6724-4D3A-A69B-1AAF576837C8}
		{67CC3F68-CD36-420E-A83E-500580481539} = {68D9346D-6724-4D3A-A69B-1AAF576837C8}
		{0085C0D6-B42A-4FCE-8F6C-28F7C05D53F9} = {68D9346D-6724-4D3A-A69B-1AAF576837C8}
		{A1A88F7F-25C9-414C-9025-8EADABF0655D} = {E0B7999F-B9EB-4582-A5D6-63C5602A55C1}
		{AD6B3559-F318-4C18-8C87-CBDBEC051A0F} = {E0B7999F-B9EB-4582-A5D6-63C5602A55C1}
		{30BD497C-CE10-4313-BA90-AED2CEEDECF8} = {E0B7999F-B9EB-4582-A5D6-63C5602A55C1}
		{DB6075F6-46F6-4EEA-A1E2-B86238004760} = {E0B7999F-B9EB-4582-A5D6-63C5602A55C1}
		{332275EF-45C9-4F2F-855D-CFC0094636F0} = {E8824E80-F4A1-4CBB-956F-D797AE48F0EE}
	EndGlobalSection
	GlobalSection(ExtensibilityGlobals) = postSolution
		SolutionGuid = {3AA6A9A3-87E8-4B32-98F5-8973D3DC16C1}
	EndGlobalSection
EndGlobal
